schema: '2.0'
stages:
  ingest_data:
    cmd: python -m src.pipeline.training.ingest_data
    deps:
    - path: config/config.yaml
      hash: md5
      md5: b0d1037019ee54918bb27fcee92fbd20
      size: 2615
    - path: src/components/data_ingestion.py
      hash: md5
      md5: 7d55e9fef516c8dd55f33cc8b62b008a
      size: 2231
    - path: src/pipeline/training/ingest_data.py
      hash: md5
      md5: d932f6d948e6a166b79d18f41a3d0877
      size: 217
    outs:
    - path: data/raw
      hash: md5
      md5: a21cb287ed202b67d8818403aec3d7f8.dir
      size: 628180
      nfiles: 2
  validate_data:
    cmd: python -m src.pipeline.training.validate_data
    deps:
    - path: data/raw
      hash: md5
      md5: a21cb287ed202b67d8818403aec3d7f8.dir
      size: 628180
      nfiles: 2
    - path: src/components/data_validation.py
      hash: md5
      md5: 1daf4e457c2c6a422d7d5b06db5c7f31
      size: 3949
    - path: src/pipeline/training/validate_data.py
      hash: md5
      md5: 9a14d8b5be7ffc0291541a0ef8043d76
      size: 173
    outs:
    - path: artifact/data_validation
      hash: md5
      md5: 62ca3e8788b6cef1acca61ec7556d359.dir
      size: 470
      nfiles: 1
  transform_data:
    cmd: python -m src.pipeline.training.transform_data
    deps:
    - path: data/raw
      hash: md5
      md5: a21cb287ed202b67d8818403aec3d7f8.dir
      size: 628180
      nfiles: 2
    - path: src/components/data_transformation.py
      hash: md5
      md5: 7e587d09dc10d054c1dee44cd1b434fc
      size: 3789
    - path: src/pipeline/training/transform_data.py
      hash: md5
      md5: 4fca99400e6588494f5f7b09c0257317
      size: 177
    outs:
    - path: artifact/data_transformation
      hash: md5
      md5: 9f87fe476778f4ae5186a1db73281500.dir
      size: 91396342
      nfiles: 1
    - path: data/transformed
      hash: md5
      md5: ef657e24f430594a16ec1e03681aeb09.dir
      size: 4995680
      nfiles: 3
  model_trainer:
    cmd: python -m src.pipeline.training.model_trainer
    deps:
    - path: data/transformed
      hash: md5
      md5: ef657e24f430594a16ec1e03681aeb09.dir
      size: 4995680
      nfiles: 3
    - path: src/components/model_trainer.py
      hash: md5
      md5: 4d603bf19977091aeca59d9415162dbb
      size: 8831
    - path: src/pipeline/training/model_trainer.py
      hash: md5
      md5: 67287f511e5ebd72c1efe3374d82a952
      size: 175
    outs:
    - path: artifact/model_trainer
      hash: md5
      md5: a12f5fa6878bd34e379fcf6d293be4a5.dir
      size: 443170
      nfiles: 5
