schema: '2.0'
stages:
  ingest_data:
    cmd: python -m src.pipeline.training.ingest_data
    deps:
    - path: config/config.yaml
      hash: md5
      md5: 7144c157cafb41d28862f9835ae07dba
      size: 2641
    - path: src/components/data_ingestion.py
      hash: md5
      md5: 30b9aa4070a77a8be1867286f8ad3491
      size: 2550
    - path: src/pipeline/training/ingest_data.py
      hash: md5
      md5: e91b7a152acc38b04da3178d9a2b6460
      size: 219
    outs:
    - path: data/raw
      hash: md5
      md5: 2c9b16066f949e6be539903efcb8e73c.dir
      size: 630907
      nfiles: 3
  validate_data:
    cmd: python -m src.pipeline.training.validate_data
    deps:
    - path: data/raw
      hash: md5
      md5: 2c9b16066f949e6be539903efcb8e73c.dir
      size: 630907
      nfiles: 3
    - path: src/components/data_validation.py
      hash: md5
      md5: 44397a01543593bb9be821ac0fedd07a
      size: 3882
    - path: src/pipeline/training/validate_data.py
      hash: md5
      md5: 9a14d8b5be7ffc0291541a0ef8043d76
      size: 173
    outs:
    - path: artifact/data_validation
      hash: md5
      md5: 62ca3e8788b6cef1acca61ec7556d359.dir
      size: 470
      nfiles: 1
  transform_data:
    cmd: python -m src.pipeline.training.transform_data
    deps:
    - path: data/raw
      hash: md5
      md5: 2c9b16066f949e6be539903efcb8e73c.dir
      size: 630907
      nfiles: 3
    - path: src/components/data_transformation.py
      hash: md5
      md5: 34527c7d4f2ea1fa8a386e5d73507260
      size: 2936
    - path: src/pipeline/training/transform_data.py
      hash: md5
      md5: 4fca99400e6588494f5f7b09c0257317
      size: 177
    outs:
    - path: artifact/data_transformation
      hash: md5
      md5: 4f48854d62066d42e876bebd7142d7ba.dir
      size: 91396183
      nfiles: 1
    - path: data/transformed
      hash: md5
      md5: a0d333e42bd07254ffac5331570075aa.dir
      size: 2015968
      nfiles: 1
  model_trainer:
    cmd: python -m src.pipeline.training.model_trainer
    deps:
    - path: config/config.yaml
      hash: md5
      md5: 7144c157cafb41d28862f9835ae07dba
      size: 2641
    - path: data/transformed
      hash: md5
      md5: a0d333e42bd07254ffac5331570075aa.dir
      size: 2015968
      nfiles: 1
    - path: src/components/model_trainer.py
      hash: md5
      md5: e4bbc0cfdd2b1791eb58682f6130e2de
      size: 9741
    - path: src/pipeline/training/model_trainer.py
      hash: md5
      md5: ce1775d1e7b1f946ab6275f0f424a4f8
      size: 173
    outs:
    - path: artifact/model_trainer
      hash: md5
      md5: 19772f9e48300c6ca45af4f326f8198a.dir
      size: 490413
      nfiles: 5
    - path: model/
      hash: md5
      md5: 5e6c01a9b6d8778710199cbf518054b9.dir
      size: 91883997
      nfiles: 1
  model_evaluation:
    cmd: python -m src.pipeline.training.model_evalute
    deps:
    - path: config/config.yaml
      hash: md5
      md5: 7144c157cafb41d28862f9835ae07dba
      size: 2641
    - path: src/components/model_evaluation.py
      hash: md5
      md5: 56feb990f501d45ce9ad3d105b3445d7
      size: 1899
    outs:
    - path: artifact/model_evaluation
      hash: md5
      md5: a4154d1cabf2730ed12fc85ed1fd71e6.dir
      size: 56
      nfiles: 1
